
Microsoft Visual Studio Solution File, Format Version 12.00
# Visual Studio Version 17
VisualStudioVersion = 17.8.34330.188
MinimumVisualStudioVersion = 10.0.40219.1
Project("{FAE04EC0-301F-11D3-BF4B-00C04F79EFBC}") = "ChildrenTransport.Web", "ChildrenTransport.Web\ChildrenTransport.Web.csproj", "{C84B1353-563E-409D-9F5A-1E9C9D8F57C7}"
EndProject
Global
	GlobalSection(SolutionConfigurationPlatforms) = preSolution
		Debug|Any CPU = Debug|Any CPU
		Release|Any CPU = Release|Any CPU
	EndGlobalSection
	GlobalSection(ProjectConfigurationPlatforms) = postSolution
		{C84B1353-563E-409D-9F5A-1E9C9D8F57C7}.Debug|Any CPU.ActiveCfg = Debug|Any CPU
		{C84B1353-563E-409D-9F5A-1E9C9D8F57C7}.Debug|Any CPU.Build.0 = Debug|Any CPU
		{C84B1353-563E-409D-9F5A-1E9C9D8F57C7}.Release|Any CPU.ActiveCfg = Release|Any CPU
		{C84B1353-563E-409D-9F5A-1E9C9D8F57C7}.Release|Any CPU.Build.0 = Release|Any CPU
	EndGlobalSection
	GlobalSection(SolutionProperties) = preSolution
		HideSolutionNode = FALSE
	EndGlobalSection
	GlobalSection(ExtensibilityGlobals) = postSolution
		SolutionGuid = {4B6054D7-B080-44AE-8C38-B37E1CA2B2B4}
	EndGlobalSection
EndGlobal
